go.kyoto.codes/v3 v3.1.0 h1:4YxMT+9HodPmnvxgMrA9P78GeJ0OEMEODlTi4OWSO4o=
go.kyoto.codes/v3 v3.1.0/go.mod h1:nTirQjQVQk2QILk+gFpugQYmzoqTQ+5vCqJUjSF7bII=
go.kyoto.codes/zen/v3 v3.1.0 h1:90HOg8T/DJ95jwAcUqcE+IXPPWVd1tkZcyWVf6p8nlM=
go.kyoto.codes/zen/v3 v3.1.0/go.mod h1:mL1cTOqQ9EgZ1QeItYltjO4MPQakLXz/Xeu+dd/LO1g=
